
Microsoft Visual Studio Solution File, Format Version 12.00
# Visual Studio 15
VisualStudioVersion = 15.0.26730.16
MinimumVisualStudioVersion = 10.0.40219.1
Project("{9A19103F-16F7-4668-BE54-9A1E7A4F7556}") = "Karambolo.PO.Test", "Karambolo.PO.Test\Karambolo.PO.Test.csproj", "{149738B2-008D-4C1B-81E2-110881FC1387}"
EndProject
Project("{9A19103F-16F7-4668-BE54-9A1E7A4F7556}") = "Karambolo.PO.Netstd20", "..\source\Karambolo.PO\Karambolo.PO.Netstd20.csproj", "{455EC8D6-AA24-4A8E-9551-16F8CC6BA764}"
EndProject
Global
	GlobalSection(SolutionConfigurationPlatforms) = preSolution
		Debug|Any CPU = Debug|Any CPU
		Release|Any CPU = Release|Any CPU
	EndGlobalSection
	GlobalSection(ProjectConfigurationPlatforms) = postSolution
		{149738B2-008D-4C1B-81E2-110881FC1387}.Debug|Any CPU.ActiveCfg = Debug|Any CPU
		{149738B2-008D-4C1B-81E2-110881FC1387}.Debug|Any CPU.Build.0 = Debug|Any CPU
		{149738B2-008D-4C1B-81E2-110881FC1387}.Release|Any CPU.ActiveCfg = Release|Any CPU
		{149738B2-008D-4C1B-81E2-110881FC1387}.Release|Any CPU.Build.0 = Release|Any CPU
		{455EC8D6-AA24-4A8E-9551-16F8CC6BA764}.Debug|Any CPU.ActiveCfg = Debug|Any CPU
		{455EC8D6-AA24-4A8E-9551-16F8CC6BA764}.Debug|Any CPU.Build.0 = Debug|Any CPU
		{455EC8D6-AA24-4A8E-9551-16F8CC6BA764}.Release|Any CPU.ActiveCfg = Release|Any CPU
		{455EC8D6-AA24-4A8E-9551-16F8CC6BA764}.Release|Any CPU.Build.0 = Release|Any CPU
	EndGlobalSection
	GlobalSection(SolutionProperties) = preSolution
		HideSolutionNode = FALSE
	EndGlobalSection
	GlobalSection(ExtensibilityGlobals) = postSolution
		SolutionGuid = {39C02881-B53F-4CB3-9225-CD106A1861A3}
	EndGlobalSection
EndGlobal
