
Microsoft Visual Studio Solution File, Format Version 12.00
# Visual Studio Version 16
VisualStudioVersion = 16.0.31702.278
MinimumVisualStudioVersion = 10.0.40219.1
Project("{9A19103F-16F7-4668-BE54-9A1E7A4F7556}") = "WebAppLocalization", "WebAppLocalization\WebAppLocalization.csproj", "{4E4D4852-F97F-4EB0-9CC6-4EFA97528E9E}"
EndProject
Global
	GlobalSection(SolutionConfigurationPlatforms) = preSolution
		Debug|Any CPU = Debug|Any CPU
		Release|Any CPU = Release|Any CPU
	EndGlobalSection
	GlobalSection(ProjectConfigurationPlatforms) = postSolution
		{4E4D4852-F97F-4EB0-9CC6-4EFA97528E9E}.Debug|Any CPU.ActiveCfg = Debug|Any CPU
		{4E4D4852-F97F-4EB0-9CC6-4EFA97528E9E}.Debug|Any CPU.Build.0 = Debug|Any CPU
		{4E4D4852-F97F-4EB0-9CC6-4EFA97528E9E}.Release|Any CPU.ActiveCfg = Release|Any CPU
		{4E4D4852-F97F-4EB0-9CC6-4EFA97528E9E}.Release|Any CPU.Build.0 = Release|Any CPU
	EndGlobalSection
	GlobalSection(SolutionProperties) = preSolution
		HideSolutionNode = FALSE
	EndGlobalSection
	GlobalSection(ExtensibilityGlobals) = postSolution
		SolutionGuid = {F391BEF6-BB34-4A73-906E-35CEEAB456AB}
	EndGlobalSection
EndGlobal
